
Microsoft Visual Studio Solution File, Format Version 12.00
# Visual Studio 2012
Project("{FAE04EC0-301F-11D3-BF4B-00C04F79EFBC}") = "iOSDownloadManager", "iOSDownloadManager\iOSDownloadManager.csproj", "{F1C78558-0E86-4E93-AC63-84385A5D6D94}"
EndProject
Global
	GlobalSection(SolutionConfigurationPlatforms) = preSolution
		Debug|iPhoneSimulator = Debug|iPhoneSimulator
		Release|iPhone = Release|iPhone
		Release|iPhoneSimulator = Release|iPhoneSimulator
		Debug|iPhone = Debug|iPhone
	EndGlobalSection
	GlobalSection(ProjectConfigurationPlatforms) = postSolution
		{F1C78558-0E86-4E93-AC63-84385A5D6D94}.Debug|iPhoneSimulator.ActiveCfg = Debug|iPhoneSimulator
		{F1C78558-0E86-4E93-AC63-84385A5D6D94}.Debug|iPhoneSimulator.Build.0 = Debug|iPhoneSimulator
		{F1C78558-0E86-4E93-AC63-84385A5D6D94}.Release|iPhone.ActiveCfg = Release|iPhone
		{F1C78558-0E86-4E93-AC63-84385A5D6D94}.Release|iPhone.Build.0 = Release|iPhone
		{F1C78558-0E86-4E93-AC63-84385A5D6D94}.Release|iPhoneSimulator.ActiveCfg = Release|iPhoneSimulator
		{F1C78558-0E86-4E93-AC63-84385A5D6D94}.Release|iPhoneSimulator.Build.0 = Release|iPhoneSimulator
		{F1C78558-0E86-4E93-AC63-84385A5D6D94}.Debug|iPhone.ActiveCfg = Debug|iPhone
		{F1C78558-0E86-4E93-AC63-84385A5D6D94}.Debug|iPhone.Build.0 = Debug|iPhone
	EndGlobalSection
EndGlobal
